// !$*UTF8*$!
{
	archiveVersion = 1;
	classes = {
	};
	objectVersion = 48;
	objects = {

/* Begin PBXBuildFile section */
		EA9EBFCA2171238C0024BDAC /* AppDelegate.swift in Sources */ = {isa = PBXBuildFile; fileRef = EA9EBFC92171238C0024BDAC /* AppDelegate.swift */; };
		EA9EBFCC2171238C0024BDAC /* ViewController.swift in Sources */ = {isa = PBXBuildFile; fileRef = EA9EBFCB2171238C0024BDAC /* ViewController.swift */; };
		EA9EBFCF2171238C0024BDAC /* Main.storyboard in Resources */ = {isa = PBXBuildFile; fileRef = EA9EBFCD2171238C0024BDAC /* Main.storyboard */; };
		EA9EBFD22171238C0024BDAC /* Movs.xcdatamodeld in Sources */ = {isa = PBXBuildFile; fileRef = EA9EBFD02171238C0024BDAC /* Movs.xcdatamodeld */; };
		EA9EBFD42171238C0024BDAC /* Assets.xcassets in Resources */ = {isa = PBXBuildFile; fileRef = EA9EBFD32171238C0024BDAC /* Assets.xcassets */; };
		EA9EBFD72171238C0024BDAC /* LaunchScreen.storyboard in Resources */ = {isa = PBXBuildFile; fileRef = EA9EBFD52171238C0024BDAC /* LaunchScreen.storyboard */; };
		EA9EBFDF217155E50024BDAC /* Movie.swift in Sources */ = {isa = PBXBuildFile; fileRef = EA9EBFDE217155E50024BDAC /* Movie.swift */; };
		EA9EBFE1217155FA0024BDAC /* MovieStore.swift in Sources */ = {isa = PBXBuildFile; fileRef = EA9EBFE0217155FA0024BDAC /* MovieStore.swift */; };
		EA9EBFE3217156C70024BDAC /* MovieDBAPI.swift in Sources */ = {isa = PBXBuildFile; fileRef = EA9EBFE2217156C70024BDAC /* MovieDBAPI.swift */; };
		EA9EBFE5217157660024BDAC /* FavoritesTableViewController.swift in Sources */ = {isa = PBXBuildFile; fileRef = EA9EBFE4217157660024BDAC /* FavoritesTableViewController.swift */; };
/* End PBXBuildFile section */

/* Begin PBXFileReference section */
		EA9EBFC62171238C0024BDAC /* Movs.app */ = {isa = PBXFileReference; explicitFileType = wrapper.application; includeInIndex = 0; path = Movs.app; sourceTree = BUILT_PRODUCTS_DIR; };
		EA9EBFC92171238C0024BDAC /* AppDelegate.swift */ = {isa = PBXFileReference; lastKnownFileType = sourcecode.swift; path = AppDelegate.swift; sourceTree = "<group>"; };
		EA9EBFCB2171238C0024BDAC /* ViewController.swift */ = {isa = PBXFileReference; lastKnownFileType = sourcecode.swift; path = ViewController.swift; sourceTree = "<group>"; };
		EA9EBFCE2171238C0024BDAC /* Base */ = {isa = PBXFileReference; lastKnownFileType = file.storyboard; name = Base; path = Base.lproj/Main.storyboard; sourceTree = "<group>"; };
		EA9EBFD12171238C0024BDAC /* Movs.xcdatamodel */ = {isa = PBXFileReference; lastKnownFileType = wrapper.xcdatamodel; path = Movs.xcdatamodel; sourceTree = "<group>"; };
		EA9EBFD32171238C0024BDAC /* Assets.xcassets */ = {isa = PBXFileReference; lastKnownFileType = folder.assetcatalog; path = Assets.xcassets; sourceTree = "<group>"; };
		EA9EBFD62171238C0024BDAC /* Base */ = {isa = PBXFileReference; lastKnownFileType = file.storyboard; name = Base; path = Base.lproj/LaunchScreen.storyboard; sourceTree = "<group>"; };
		EA9EBFD82171238C0024BDAC /* Info.plist */ = {isa = PBXFileReference; lastKnownFileType = text.plist.xml; path = Info.plist; sourceTree = "<group>"; };
		EA9EBFDE217155E50024BDAC /* Movie.swift */ = {isa = PBXFileReference; lastKnownFileType = sourcecode.swift; path = Movie.swift; sourceTree = "<group>"; };
		EA9EBFE0217155FA0024BDAC /* MovieStore.swift */ = {isa = PBXFileReference; lastKnownFileType = sourcecode.swift; path = MovieStore.swift; sourceTree = "<group>"; };
		EA9EBFE2217156C70024BDAC /* MovieDBAPI.swift */ = {isa = PBXFileReference; lastKnownFileType = sourcecode.swift; path = MovieDBAPI.swift; sourceTree = "<group>"; };
		EA9EBFE4217157660024BDAC /* FavoritesTableViewController.swift */ = {isa = PBXFileReference; lastKnownFileType = sourcecode.swift; path = FavoritesTableViewController.swift; sourceTree = "<group>"; };
/* End PBXFileReference section */

/* Begin PBXFrameworksBuildPhase section */
		EA9EBFC32171238C0024BDAC /* Frameworks */ = {
			isa = PBXFrameworksBuildPhase;
			buildActionMask = 2147483647;
			files = (
			);
			runOnlyForDeploymentPostprocessing = 0;
		};
/* End PBXFrameworksBuildPhase section */

/* Begin PBXGroup section */
		EA9EBFBD2171238C0024BDAC = {
			isa = PBXGroup;
			children = (
				EA9EBFC82171238C0024BDAC /* Movs */,
				EA9EBFC72171238C0024BDAC /* Products */,
			);
			sourceTree = "<group>";
		};
		EA9EBFC72171238C0024BDAC /* Products */ = {
			isa = PBXGroup;
			children = (
				EA9EBFC62171238C0024BDAC /* Movs.app */,
			);
			name = Products;
			sourceTree = "<group>";
		};
		EA9EBFC82171238C0024BDAC /* Movs */ = {
			isa = PBXGroup;
			children = (
				EA9EBFC92171238C0024BDAC /* AppDelegate.swift */,
				EA9EBFCB2171238C0024BDAC /* ViewController.swift */,
				EA9EBFCD2171238C0024BDAC /* Main.storyboard */,
				EA9EBFD32171238C0024BDAC /* Assets.xcassets */,
				EA9EBFE0217155FA0024BDAC /* MovieStore.swift */,
				EA9EBFD52171238C0024BDAC /* LaunchScreen.storyboard */,
				EA9EBFD82171238C0024BDAC /* Info.plist */,
				EA9EBFD02171238C0024BDAC /* Movs.xcdatamodeld */,
				EA9EBFDE217155E50024BDAC /* Movie.swift */,
				EA9EBFE2217156C70024BDAC /* MovieDBAPI.swift */,
				EA9EBFE4217157660024BDAC /* FavoritesTableViewController.swift */,
			);
			path = Movs;
			sourceTree = "<group>";
		};
/* End PBXGroup section */

/* Begin PBXNativeTarget section */
		EA9EBFC52171238C0024BDAC /* Movs */ = {
			isa = PBXNativeTarget;
			buildConfigurationList = EA9EBFDB2171238C0024BDAC /* Build configuration list for PBXNativeTarget "Movs" */;
			buildPhases = (
				EA9EBFC22171238C0024BDAC /* Sources */,
				EA9EBFC32171238C0024BDAC /* Frameworks */,
				EA9EBFC42171238C0024BDAC /* Resources */,
			);
			buildRules = (
			);
			dependencies = (
			);
			name = Movs;
			productName = Movs;
			productReference = EA9EBFC62171238C0024BDAC /* Movs.app */;
			productType = "com.apple.product-type.application";
		};
/* End PBXNativeTarget section */

/* Begin PBXProject section */
		EA9EBFBE2171238C0024BDAC /* Project object */ = {
			isa = PBXProject;
			attributes = {
				LastSwiftUpdateCheck = 0920;
				LastUpgradeCheck = 0920;
				ORGANIZATIONNAME = "Walan Marcel Teles Oliveira";
				TargetAttributes = {
					EA9EBFC52171238C0024BDAC = {
						CreatedOnToolsVersion = 9.2;
						ProvisioningStyle = Automatic;
					};
				};
			};
			buildConfigurationList = EA9EBFC12171238C0024BDAC /* Build configuration list for PBXProject "Movs" */;
			compatibilityVersion = "Xcode 8.0";
			developmentRegion = en;
			hasScannedForEncodings = 0;
			knownRegions = (
				en,
				Base,
			);
			mainGroup = EA9EBFBD2171238C0024BDAC;
			productRefGroup = EA9EBFC72171238C0024BDAC /* Products */;
			projectDirPath = "";
			projectRoot = "";
			targets = (
				EA9EBFC52171238C0024BDAC /* Movs */,
			);
		};
/* End PBXProject section */

/* Begin PBXResourcesBuildPhase section */
		EA9EBFC42171238C0024BDAC /* Resources */ = {
			isa = PBXResourcesBuildPhase;
			buildActionMask = 2147483647;
			files = (
				EA9EBFD72171238C0024BDAC /* LaunchScreen.storyboard in Resources */,
				EA9EBFD42171238C0024BDAC /* Assets.xcassets in Resources */,
				EA9EBFCF2171238C0024BDAC /* Main.storyboard in Resources */,
			);
			runOnlyForDeploymentPostprocessing = 0;
		};
/* End PBXResourcesBuildPhase section */

/* Begin PBXSourcesBuildPhase section */
		EA9EBFC22171238C0024BDAC /* Sources */ = {
			isa = PBXSourcesBuildPhase;
			buildActionMask = 2147483647;
			files = (
				EA9EBFCC2171238C0024BDAC /* ViewController.swift in Sources */,
				EA9EBFD22171238C0024BDAC /* Movs.xcdatamodeld in Sources */,
				EA9EBFDF217155E50024BDAC /* Movie.swift in Sources */,
				EA9EBFE3217156C70024BDAC /* MovieDBAPI.swift in Sources */,
				EA9EBFCA2171238C0024BDAC /* AppDelegate.swift in Sources */,
				EA9EBFE5217157660024BDAC /* FavoritesTableViewController.swift in Sources */,
				EA9EBFE1217155FA0024BDAC /* MovieStore.swift in Sources */,
			);
			runOnlyForDeploymentPostprocessing = 0;
		};
/* End PBXSourcesBuildPhase section */

/* Begin PBXVariantGroup section */
		EA9EBFCD2171238C0024BDAC /* Main.storyboard */ = {
			isa = PBXVariantGroup;
			children = (
				EA9EBFCE2171238C0024BDAC /* Base */,
			);
			name = Main.storyboard;
			sourceTree = "<group>";
		};
		EA9EBFD52171238C0024BDAC /* LaunchScreen.storyboard */ = {
			isa = PBXVariantGroup;
			children = (
				EA9EBFD62171238C0024BDAC /* Base */,
			);
			name = LaunchScreen.storyboard;
			sourceTree = "<group>";
		};
/* End PBXVariantGroup section */

/* Begin XCBuildConfiguration section */
		EA9EBFD92171238C0024BDAC /* Debug */ = {
			isa = XCBuildConfiguration;
			buildSettings = {
				ALWAYS_SEARCH_USER_PATHS = NO;
				CLANG_ANALYZER_NONNULL = YES;
				CLANG_ANALYZER_NUMBER_OBJECT_CONVERSION = YES_AGGRESSIVE;
				CLANG_CXX_LANGUAGE_STANDARD = "gnu++14";
				CLANG_CXX_LIBRARY = "libc++";
				CLANG_ENABLE_MODULES = YES;
				CLANG_ENABLE_OBJC_ARC = YES;
				CLANG_WARN_BLOCK_CAPTURE_AUTORELEASING = YES;
				CLANG_WARN_BOOL_CONVERSION = YES;
				CLANG_WARN_COMMA = YES;
				CLANG_WARN_CONSTANT_CONVERSION = YES;
				CLANG_WARN_DIRECT_OBJC_ISA_USAGE = YES_ERROR;
				CLANG_WARN_DOCUMENTATION_COMMENTS = YES;
				CLANG_WARN_EMPTY_BODY = YES;
				CLANG_WARN_ENUM_CONVERSION = YES;
				CLANG_WARN_INFINITE_RECURSION = YES;
				CLANG_WARN_INT_CONVERSION = YES;
				CLANG_WARN_NON_LITERAL_NULL_CONVERSION = YES;
				CLANG_WARN_OBJC_LITERAL_CONVERSION = YES;
				CLANG_WARN_OBJC_ROOT_CLASS = YES_ERROR;
				CLANG_WARN_RANGE_LOOP_ANALYSIS = YES;
				CLANG_WARN_STRICT_PROTOTYPES = YES;
				CLANG_WARN_SUSPICIOUS_MOVE = YES;
				CLANG_WARN_UNGUARDED_AVAILABILITY = YES_AGGRESSIVE;
				CLANG_WARN_UNREACHABLE_CODE = YES;
				CLANG_WARN__DUPLICATE_METHOD_MATCH = YES;
				CODE_SIGN_IDENTITY = "iPhone Developer";
				COPY_PHASE_STRIP = NO;
				DEBUG_INFORMATION_FORMAT = dwarf;
				ENABLE_STRICT_OBJC_MSGSEND = YES;
				ENABLE_TESTABILITY = YES;
				GCC_C_LANGUAGE_STANDARD = gnu11;
				GCC_DYNAMIC_NO_PIC = NO;
				GCC_NO_COMMON_BLOCKS = YES;
				GCC_OPTIMIZATION_LEVEL = 0;
				GCC_PREPROCESSOR_DEFINITIONS = (
					"DEBUG=1",
					"$(inherited)",
				);
				GCC_WARN_64_TO_32_BIT_CONVERSION = YES;
				GCC_WARN_ABOUT_RETURN_TYPE = YES_ERROR;
				GCC_WARN_UNDECLARED_SELECTOR = YES;
				GCC_WARN_UNINITIALIZED_AUTOS = YES_AGGRESSIVE;
				GCC_WARN_UNUSED_FUNCTION = YES;
				GCC_WARN_UNUSED_VARIABLE = YES;
				IPHONEOS_DEPLOYMENT_TARGET = 11.2;
				MTL_ENABLE_DEBUG_INFO = YES;
				ONLY_ACTIVE_ARCH = YES;
				SDKROOT = iphoneos;
				SWIFT_ACTIVE_COMPILATION_CONDITIONS = DEBUG;
				SWIFT_OPTIMIZATION_LEVEL = "-Onone";
			};
			name = Debug;
		};
		EA9EBFDA2171238C0024BDAC /* Release */ = {
			isa = XCBuildConfiguration;
			buildSettings = {
				ALWAYS_SEARCH_USER_PATHS = NO;
				CLANG_ANALYZER_NONNULL = YES;
				CLANG_ANALYZER_NUMBER_OBJECT_CONVERSION = YES_AGGRESSIVE;
				CLANG_CXX_LANGUAGE_STANDARD = "gnu++14";
				CLANG_CXX_LIBRARY = "libc++";
				CLANG_ENABLE_MODULES = YES;
				CLANG_ENABLE_OBJC_ARC = YES;
				CLANG_WARN_BLOCK_CAPTURE_AUTORELEASING = YES;
				CLANG_WARN_BOOL_CONVERSION = YES;
				CLANG_WARN_COMMA = YES;
				CLANG_WARN_CONSTANT_CONVERSION = YES;
				CLANG_WARN_DIRECT_OBJC_ISA_USAGE = YES_ERROR;
				CLANG_WARN_DOCUMENTATION_COMMENTS = YES;
				CLANG_WARN_EMPTY_BODY = YES;
				CLANG_WARN_ENUM_CONVERSION = YES;
				CLANG_WARN_INFINITE_RECURSION = YES;
				CLANG_WARN_INT_CONVERSION = YES;
				CLANG_WARN_NON_LITERAL_NULL_CONVERSION = YES;
				CLANG_WARN_OBJC_LITERAL_CONVERSION = YES;
				CLANG_WARN_OBJC_ROOT_CLASS = YES_ERROR;
				CLANG_WARN_RANGE_LOOP_ANALYSIS = YES;
				CLANG_WARN_STRICT_PROTOTYPES = YES;
				CLANG_WARN_SUSPICIOUS_MOVE = YES;
				CLANG_WARN_UNGUARDED_AVAILABILITY = YES_AGGRESSIVE;
				CLANG_WARN_UNREACHABLE_CODE = YES;
				CLANG_WARN__DUPLICATE_METHOD_MATCH = YES;
				CODE_SIGN_IDENTITY = "iPhone Developer";
				COPY_PHASE_STRIP = NO;
				DEBUG_INFORMATION_FORMAT = "dwarf-with-dsym";
				ENABLE_NS_ASSERTIONS = NO;
				ENABLE_STRICT_OBJC_MSGSEND = YES;
				GCC_C_LANGUAGE_STANDARD = gnu11;
				GCC_NO_COMMON_BLOCKS = YES;
				GCC_WARN_64_TO_32_BIT_CONVERSION = YES;
				GCC_WARN_ABOUT_RETURN_TYPE = YES_ERROR;
				GCC_WARN_UNDECLARED_SELECTOR = YES;
				GCC_WARN_UNINITIALIZED_AUTOS = YES_AGGRESSIVE;
				GCC_WARN_UNUSED_FUNCTION = YES;
				GCC_WARN_UNUSED_VARIABLE = YES;
				IPHONEOS_DEPLOYMENT_TARGET = 11.2;
				MTL_ENABLE_DEBUG_INFO = NO;
				SDKROOT = iphoneos;
				SWIFT_OPTIMIZATION_LEVEL = "-Owholemodule";
				VALIDATE_PRODUCT = YES;
			};
			name = Release;
		};
		EA9EBFDC2171238C0024BDAC /* Debug */ = {
			isa = XCBuildConfiguration;
			buildSettings = {
				ASSETCATALOG_COMPILER_APPICON_NAME = AppIcon;
				CODE_SIGN_STYLE = Automatic;
				DEVELOPMENT_TEAM = U28Z7W4C89;
				INFOPLIST_FILE = Movs/Info.plist;
				LD_RUNPATH_SEARCH_PATHS = "$(inherited) @executable_path/Frameworks";
				PRODUCT_BUNDLE_IDENTIFIER = ufs.dcomp.walan.Movs;
				PRODUCT_NAME = "$(TARGET_NAME)";
				SWIFT_VERSION = 4.0;
				TARGETED_DEVICE_FAMILY = "1,2";
			};
			name = Debug;
		};
		EA9EBFDD2171238C0024BDAC /* Release */ = {
			isa = XCBuildConfiguration;
			buildSettings = {
				ASSETCATALOG_COMPILER_APPICON_NAME = AppIcon;
				CODE_SIGN_STYLE = Automatic;
				DEVELOPMENT_TEAM = U28Z7W4C89;
				INFOPLIST_FILE = Movs/Info.plist;
				LD_RUNPATH_SEARCH_PATHS = "$(inherited) @executable_path/Frameworks";
				PRODUCT_BUNDLE_IDENTIFIER = ufs.dcomp.walan.Movs;
				PRODUCT_NAME = "$(TARGET_NAME)";
				SWIFT_VERSION = 4.0;
				TARGETED_DEVICE_FAMILY = "1,2";
			};
			name = Release;
		};
/* End XCBuildConfiguration section */

/* Begin XCConfigurationList section */
		EA9EBFC12171238C0024BDAC /* Build configuration list for PBXProject "Movs" */ = {
			isa = XCConfigurationList;
			buildConfigurations = (
				EA9EBFD92171238C0024BDAC /* Debug */,
				EA9EBFDA2171238C0024BDAC /* Release */,
			);
			defaultConfigurationIsVisible = 0;
			defaultConfigurationName = Release;
		};
		EA9EBFDB2171238C0024BDAC /* Build configuration list for PBXNativeTarget "Movs" */ = {
			isa = XCConfigurationList;
			buildConfigurations = (
				EA9EBFDC2171238C0024BDAC /* Debug */,
				EA9EBFDD2171238C0024BDAC /* Release */,
			);
			defaultConfigurationIsVisible = 0;
			defaultConfigurationName = Release;
		};
/* End XCConfigurationList section */

/* Begin XCVersionGroup section */
		EA9EBFD02171238C0024BDAC /* Movs.xcdatamodeld */ = {
			isa = XCVersionGroup;
			children = (
				EA9EBFD12171238C0024BDAC /* Movs.xcdatamodel */,
			);
			currentVersion = EA9EBFD12171238C0024BDAC /* Movs.xcdatamodel */;
			path = Movs.xcdatamodeld;
			sourceTree = "<group>";
			versionGroupType = wrapper.xcdatamodel;
		};
/* End XCVersionGroup section */
	};
	rootObject = EA9EBFBE2171238C0024BDAC /* Project object */;
}
